{
  "version": 4,
  "terraform_version": "1.3.9",
  "serial": 157,
  "lineage": "61904db4-999e-4bf7-4d3b-21b2c1fe8ba7",
  "outputs": {},
  "resources": [
    {
      "mode": "managed",
      "type": "azurerm_linux_virtual_machine",
      "name": "my-vm",
      "provider": "provider[\"registry.terraform.io/hashicorp/azurerm\"]",
      "instances": [
        {
          "schema_version": 0,
          "attributes": {
            "additional_capabilities": [],
            "admin_password": null,
            "admin_ssh_key": [
              {
                "public_key": "ssh-rsa AAAAB3NzaC1yc2EAAAADAQABAAABgQCa8PlJCsNi78Lr+Oc6ERbP3wiTNqlCU0peqxf2BN2djvRHB47Dv0OTt0uMMMDoh1viXvu+iEFoh5PA6o/oCQPRTgMuIbRxHH1/wajf2YA8WGOQRoQNtHafidxVngnMDm73uKjtkTazSgNwa4Pwqa8qCcUl3Nc4Sh3wkLMa8ys2Cx6976kf50fv25RqC2gLy/qFN/Vo7CDTOtC5vLgXXP6U9AywL3ugBSo9tfLQCTCXQcP17jD09OaRbKJH74Dn59irPqO3dLOQpSeTJUjdJ+OwFJ9Pmg4uSlkGZDGs34qTyYgw97wGNlxTd3HvL+AwF2aIGkfzTkR6g0sR/McQlBxDuOXoldXHlfTBpEiayChC28U9oJRMj2QpbS+GKaaf+KBD9D8dq+X8SZCq/V8fyzrTTP1yNq/1L0pozdea+92flcayHw1psX7exnhtcy9bqcVX9Q+ld1wp4fiY+jcTZ0sIUTl1srs/rPqG1SBNXu9qC0401PuFOTBl+cGT24XvpZk= nos\\ig746e@A6317093\r\n",
                "username": "azureuser"
              }
            ],
            "admin_username": "azureuser",
            "allow_extension_operations": true,
            "availability_set_id": "",
            "boot_diagnostics": [],
            "computer_name": "my-vm",
            "custom_data": "IyEvYmluL2Jhc2gNCnN1ZG8gYXB0LWdldCB1cGRhdGUgLXkgJiYNCnN1ZG8gYXB0LWdldCBpbnN0YWxsIC15IFwNCiAgICBhcHQtdHJhbnNwb3J0LWh0dHBzIFwNCiAgICBjYS1jZXJ0aWZpY2F0ZXMgXA0KICAgIGN1cmwgXA0KICAgIGdudXBnLWFnZW50IFwNCiAgICBzb2Z0d2FyZS1wcm9wZXJ0aWVzLWNvbW1vbiAmJiANCiAgICBjdXJsIC1mc1NMIGh0dHBzOi8vZG93bmxvYWQuZG9ja2VyLmNvbS9saW51eC91YnVudHUvZ3BnIHwgc3VkbyBhcHQta2V5IGFkZCAtICYmDQogICAgc3VkbyBhZGQtYXB0LXJlcG9zaXRvcnkgIiJkZWIgW2FyY2g9YW1kNjRdIGh0dHBzOi8vZG93bmxvYWQuZG9ja2VyLmNvbS9saW51eC91YnVudHUgJChsc2JfcmVsZWFzZSAtY3MpIHN0YWJsZSIgJiYNCiAgICBzdWRvIGFwdC1nZXQgdXBkYXRlIC15ICYmDQogICAgc3VkbyBhcHQtZ2V0IGluc3RhbGwgZG9ja2VyLWNlIGRvY2tlci1jZS1jbGkgY29udGFpbmVyZC5pbyAteSAmJg0KICAgIHN1ZG8gdXNlcm1vZCAtYUcgZG9ja2VyIHVidW50dQ==",
            "dedicated_host_group_id": "",
            "dedicated_host_id": "",
            "disable_password_authentication": true,
            "encryption_at_host_enabled": false,
            "eviction_policy": "",
            "extensions_time_budget": "PT1H30M",
            "id": "/subscriptions/8507c4e1-f8e8-4239-a149-77d95255678f/resourceGroups/my-resources/providers/Microsoft.Compute/virtualMachines/my-vm",
            "identity": [],
            "license_type": "",
            "location": "eastus",
            "max_bid_price": -1,
            "name": "my-vm",
            "network_interface_ids": [
              "/subscriptions/8507c4e1-f8e8-4239-a149-77d95255678f/resourceGroups/my-resources/providers/Microsoft.Network/networkInterfaces/my-nic"
            ],
            "os_disk": [
              {
                "caching": "ReadWrite",
                "diff_disk_settings": [],
                "disk_encryption_set_id": "",
                "disk_size_gb": 30,
                "name": "my-vm_OsDisk_1_36440b4a05354ec2b27d5c0b8aa15887",
                "storage_account_type": "Standard_LRS",
                "write_accelerator_enabled": false
              }
            ],
            "patch_mode": "ImageDefault",
            "plan": [],
            "platform_fault_domain": -1,
            "priority": "Regular",
            "private_ip_address": "10.123.1.4",
            "private_ip_addresses": [
              "10.123.1.4"
            ],
            "provision_vm_agent": true,
            "proximity_placement_group_id": "",
            "public_ip_address": "13.68.150.38",
            "public_ip_addresses": [
              "13.68.150.38"
            ],
            "resource_group_name": "my-resources",
            "secret": [],
            "secure_boot_enabled": false,
            "size": "Standard_B1s",
            "source_image_id": "",
            "source_image_reference": [
              {
                "offer": "0001-com-ubuntu-server-focal",
                "publisher": "Canonical",
                "sku": "20_04-lts",
                "version": "latest"
              }
            ],
            "tags": null,
            "timeouts": null,
            "user_data": "",
            "virtual_machine_id": "ca707729-8121-4eed-aca8-aa909a8aab2f",
            "virtual_machine_scale_set_id": "",
            "vtpm_enabled": false,
            "zone": ""
          },
          "sensitive_attributes": [],
          "private": "eyJlMmJmYjczMC1lY2FhLTExZTYtOGY4OC0zNDM2M2JjN2M0YzAiOnsiY3JlYXRlIjoyNzAwMDAwMDAwMDAwLCJkZWxldGUiOjI3MDAwMDAwMDAwMDAsInJlYWQiOjMwMDAwMDAwMDAwMCwidXBkYXRlIjoyNzAwMDAwMDAwMDAwfX0=",
          "dependencies": [
            "azurerm_network_interface.my-nic",
            "azurerm_resource_group.my-rg"
          ]
        }
      ]
    },
    {
      "mode": "managed",
      "type": "azurerm_network_interface",
      "name": "my-nic",
      "provider": "provider[\"registry.terraform.io/hashicorp/azurerm\"]",
      "instances": [
        {
          "schema_version": 0,
          "attributes": {
            "applied_dns_servers": [],
            "dns_servers": [],
            "enable_accelerated_networking": false,
            "enable_ip_forwarding": false,
            "id": "/subscriptions/8507c4e1-f8e8-4239-a149-77d95255678f/resourceGroups/my-resources/providers/Microsoft.Network/networkInterfaces/my-nic",
            "internal_dns_name_label": "",
            "internal_domain_name_suffix": "i1wyqg3ceofefhrnhkas35aflh.bx.internal.cloudapp.net",
            "ip_configuration": [
              {
                "gateway_load_balancer_frontend_ip_configuration_id": "",
                "name": "internal",
                "primary": true,
                "private_ip_address": "10.123.1.4",
                "private_ip_address_allocation": "Dynamic",
                "private_ip_address_version": "IPv4",
                "public_ip_address_id": "/subscriptions/8507c4e1-f8e8-4239-a149-77d95255678f/resourceGroups/my-resources/providers/Microsoft.Network/publicIPAddresses/my-ip",
                "subnet_id": "/subscriptions/8507c4e1-f8e8-4239-a149-77d95255678f/resourceGroups/my-resources/providers/Microsoft.Network/virtualNetworks/my-network/subnets/my-subnet"
              }
            ],
            "location": "eastus",
            "mac_address": "00-0D-3A-16-1A-1D",
            "name": "my-nic",
            "private_ip_address": "10.123.1.4",
            "private_ip_addresses": [
              "10.123.1.4"
            ],
            "resource_group_name": "my-resources",
            "tags": {},
            "timeouts": null,
            "virtual_machine_id": "/subscriptions/8507c4e1-f8e8-4239-a149-77d95255678f/resourceGroups/my-resources/providers/Microsoft.Compute/virtualMachines/my-vm"
          },
          "sensitive_attributes": [],
          "private": "eyJlMmJmYjczMC1lY2FhLTExZTYtOGY4OC0zNDM2M2JjN2M0YzAiOnsiY3JlYXRlIjoxODAwMDAwMDAwMDAwLCJkZWxldGUiOjE4MDAwMDAwMDAwMDAsInJlYWQiOjMwMDAwMDAwMDAwMCwidXBkYXRlIjoxODAwMDAwMDAwMDAwfX0=",
          "dependencies": [
            "azurerm_public_ip.my-ip",
            "azurerm_resource_group.my-rg",
            "azurerm_subnet.my-subnet",
            "azurerm_virtual_network.my-vn"
          ]
        }
      ]
    },
    {
      "mode": "managed",
      "type": "azurerm_network_security_group",
      "name": "my-sg",
      "provider": "provider[\"registry.terraform.io/hashicorp/azurerm\"]",
      "instances": [
        {
          "schema_version": 0,
          "attributes": {
            "id": "/subscriptions/8507c4e1-f8e8-4239-a149-77d95255678f/resourceGroups/my-resources/providers/Microsoft.Network/networkSecurityGroups/my-sg",
            "location": "eastus",
            "name": "my-sg",
            "resource_group_name": "my-resources",
            "security_rule": [
              {
                "access": "Allow",
                "description": "",
                "destination_address_prefix": "*",
                "destination_address_prefixes": [],
                "destination_application_security_group_ids": [],
                "destination_port_range": "*",
                "destination_port_ranges": [],
                "direction": "Inbound",
                "name": "my-dev-rule",
                "priority": 100,
                "protocol": "*",
                "source_address_prefix": "*",
                "source_address_prefixes": [],
                "source_application_security_group_ids": [],
                "source_port_range": "*",
                "source_port_ranges": []
              }
            ],
            "tags": {
              "environment": "dev"
            },
            "timeouts": null
          },
          "sensitive_attributes": [],
          "private": "eyJlMmJmYjczMC1lY2FhLTExZTYtOGY4OC0zNDM2M2JjN2M0YzAiOnsiY3JlYXRlIjoxODAwMDAwMDAwMDAwLCJkZWxldGUiOjE4MDAwMDAwMDAwMDAsInJlYWQiOjMwMDAwMDAwMDAwMCwidXBkYXRlIjoxODAwMDAwMDAwMDAwfX0=",
          "dependencies": [
            "azurerm_resource_group.my-rg"
          ]
        }
      ]
    },
    {
      "mode": "managed",
      "type": "azurerm_network_security_rule",
      "name": "my-dev-rule",
      "provider": "provider[\"registry.terraform.io/hashicorp/azurerm\"]",
      "instances": [
        {
          "schema_version": 0,
          "attributes": {
            "access": "Allow",
            "description": "",
            "destination_address_prefix": "*",
            "destination_address_prefixes": [],
            "destination_application_security_group_ids": [],
            "destination_port_range": "*",
            "destination_port_ranges": [],
            "direction": "Inbound",
            "id": "/subscriptions/8507c4e1-f8e8-4239-a149-77d95255678f/resourceGroups/my-resources/providers/Microsoft.Network/networkSecurityGroups/my-sg/securityRules/my-dev-rule",
            "name": "my-dev-rule",
            "network_security_group_name": "my-sg",
            "priority": 100,
            "protocol": "*",
            "resource_group_name": "my-resources",
            "source_address_prefix": "*",
            "source_address_prefixes": [],
            "source_application_security_group_ids": [],
            "source_port_range": "*",
            "source_port_ranges": [],
            "timeouts": null
          },
          "sensitive_attributes": [],
          "private": "eyJlMmJmYjczMC1lY2FhLTExZTYtOGY4OC0zNDM2M2JjN2M0YzAiOnsiY3JlYXRlIjoxODAwMDAwMDAwMDAwLCJkZWxldGUiOjE4MDAwMDAwMDAwMDAsInJlYWQiOjMwMDAwMDAwMDAwMCwidXBkYXRlIjoxODAwMDAwMDAwMDAwfX0=",
          "dependencies": [
            "azurerm_network_security_group.my-sg",
            "azurerm_resource_group.my-rg"
          ]
        }
      ]
    },
    {
      "mode": "managed",
      "type": "azurerm_public_ip",
      "name": "my-ip",
      "provider": "provider[\"registry.terraform.io/hashicorp/azurerm\"]",
      "instances": [
        {
          "schema_version": 0,
          "attributes": {
            "allocation_method": "Dynamic",
            "availability_zone": "No-Zone",
            "domain_name_label": null,
            "fqdn": null,
            "id": "/subscriptions/8507c4e1-f8e8-4239-a149-77d95255678f/resourceGroups/my-resources/providers/Microsoft.Network/publicIPAddresses/my-ip",
            "idle_timeout_in_minutes": 4,
            "ip_address": "172.191.205.233",
            "ip_tags": {},
            "ip_version": "IPv4",
            "location": "eastus",
            "name": "my-ip",
            "public_ip_prefix_id": null,
            "resource_group_name": "my-resources",
            "reverse_fqdn": null,
            "sku": "Basic",
            "sku_tier": "Regional",
            "tags": {
              "environment": "dev"
            },
            "timeouts": null,
            "zones": []
          },
          "sensitive_attributes": [],
          "private": "eyJlMmJmYjczMC1lY2FhLTExZTYtOGY4OC0zNDM2M2JjN2M0YzAiOnsiY3JlYXRlIjoxODAwMDAwMDAwMDAwLCJkZWxldGUiOjE4MDAwMDAwMDAwMDAsInJlYWQiOjMwMDAwMDAwMDAwMCwidXBkYXRlIjoxODAwMDAwMDAwMDAwfX0=",
          "dependencies": [
            "azurerm_resource_group.my-rg"
          ]
        }
      ]
    },
    {
      "mode": "managed",
      "type": "azurerm_resource_group",
      "name": "my-rg",
      "provider": "provider[\"registry.terraform.io/hashicorp/azurerm\"]",
      "instances": [
        {
          "schema_version": 0,
          "attributes": {
            "id": "/subscriptions/8507c4e1-f8e8-4239-a149-77d95255678f/resourceGroups/my-resources",
            "location": "eastus",
            "name": "my-resources",
            "tags": {
              "enviorment": "dev"
            },
            "timeouts": null
          },
          "sensitive_attributes": [],
          "private": "eyJlMmJmYjczMC1lY2FhLTExZTYtOGY4OC0zNDM2M2JjN2M0YzAiOnsiY3JlYXRlIjo1NDAwMDAwMDAwMDAwLCJkZWxldGUiOjU0MDAwMDAwMDAwMDAsInJlYWQiOjMwMDAwMDAwMDAwMCwidXBkYXRlIjo1NDAwMDAwMDAwMDAwfX0="
        }
      ]
    },
    {
      "mode": "managed",
      "type": "azurerm_subnet",
      "name": "my-subnet",
      "provider": "provider[\"registry.terraform.io/hashicorp/azurerm\"]",
      "instances": [
        {
          "schema_version": 0,
          "attributes": {
            "address_prefix": "10.123.1.0/24",
            "address_prefixes": [
              "10.123.1.0/24"
            ],
            "delegation": [],
            "enforce_private_link_endpoint_network_policies": false,
            "enforce_private_link_service_network_policies": false,
            "id": "/subscriptions/8507c4e1-f8e8-4239-a149-77d95255678f/resourceGroups/my-resources/providers/Microsoft.Network/virtualNetworks/my-network/subnets/my-subnet",
            "name": "my-subnet",
            "resource_group_name": "my-resources",
            "service_endpoint_policy_ids": [],
            "service_endpoints": [],
            "timeouts": null,
            "virtual_network_name": "my-network"
          },
          "sensitive_attributes": [],
          "private": "eyJlMmJmYjczMC1lY2FhLTExZTYtOGY4OC0zNDM2M2JjN2M0YzAiOnsiY3JlYXRlIjoxODAwMDAwMDAwMDAwLCJkZWxldGUiOjE4MDAwMDAwMDAwMDAsInJlYWQiOjMwMDAwMDAwMDAwMCwidXBkYXRlIjoxODAwMDAwMDAwMDAwfX0=",
          "dependencies": [
            "azurerm_resource_group.my-rg",
            "azurerm_virtual_network.my-vn"
          ]
        }
      ]
    },
    {
      "mode": "managed",
      "type": "azurerm_subnet_network_security_group_association",
      "name": "my-sga",
      "provider": "provider[\"registry.terraform.io/hashicorp/azurerm\"]",
      "instances": [
        {
          "schema_version": 0,
          "attributes": {
            "id": "/subscriptions/8507c4e1-f8e8-4239-a149-77d95255678f/resourceGroups/my-resources/providers/Microsoft.Network/virtualNetworks/my-network/subnets/my-subnet",
            "network_security_group_id": "/subscriptions/8507c4e1-f8e8-4239-a149-77d95255678f/resourceGroups/my-resources/providers/Microsoft.Network/networkSecurityGroups/my-sg",
            "subnet_id": "/subscriptions/8507c4e1-f8e8-4239-a149-77d95255678f/resourceGroups/my-resources/providers/Microsoft.Network/virtualNetworks/my-network/subnets/my-subnet",
            "timeouts": null
          },
          "sensitive_attributes": [],
          "private": "eyJlMmJmYjczMC1lY2FhLTExZTYtOGY4OC0zNDM2M2JjN2M0YzAiOnsiY3JlYXRlIjoxODAwMDAwMDAwMDAwLCJkZWxldGUiOjE4MDAwMDAwMDAwMDAsInJlYWQiOjMwMDAwMDAwMDAwMCwidXBkYXRlIjoxODAwMDAwMDAwMDAwfX0=",
          "dependencies": [
            "azurerm_network_security_group.my-sg",
            "azurerm_resource_group.my-rg",
            "azurerm_subnet.my-subnet",
            "azurerm_virtual_network.my-vn"
          ]
        }
      ]
    },
    {
      "mode": "managed",
      "type": "azurerm_virtual_network",
      "name": "my-vn",
      "provider": "provider[\"registry.terraform.io/hashicorp/azurerm\"]",
      "instances": [
        {
          "schema_version": 0,
          "attributes": {
            "address_space": [
              "10.123.0.0/16"
            ],
            "bgp_community": "",
            "ddos_protection_plan": [],
            "dns_servers": [],
            "flow_timeout_in_minutes": 0,
            "guid": "1b88ed46-23a2-428a-9e2d-3a812efc055f",
            "id": "/subscriptions/8507c4e1-f8e8-4239-a149-77d95255678f/resourceGroups/my-resources/providers/Microsoft.Network/virtualNetworks/my-network",
            "location": "eastus",
            "name": "my-network",
            "resource_group_name": "my-resources",
            "subnet": [
              {
                "address_prefix": "10.123.1.0/24",
                "id": "/subscriptions/8507c4e1-f8e8-4239-a149-77d95255678f/resourceGroups/my-resources/providers/Microsoft.Network/virtualNetworks/my-network/subnets/my-subnet",
                "name": "my-subnet",
                "security_group": "/subscriptions/8507c4e1-f8e8-4239-a149-77d95255678f/resourceGroups/my-resources/providers/Microsoft.Network/networkSecurityGroups/my-sg"
              }
            ],
            "tags": {
              "enviorment": "dev"
            },
            "timeouts": null,
            "vm_protection_enabled": false
          },
          "sensitive_attributes": [],
          "private": "eyJlMmJmYjczMC1lY2FhLTExZTYtOGY4OC0zNDM2M2JjN2M0YzAiOnsiY3JlYXRlIjoxODAwMDAwMDAwMDAwLCJkZWxldGUiOjE4MDAwMDAwMDAwMDAsInJlYWQiOjMwMDAwMDAwMDAwMCwidXBkYXRlIjoxODAwMDAwMDAwMDAwfX0=",
          "dependencies": [
            "azurerm_resource_group.my-rg"
          ]
        }
      ]
    }
  ],
  "check_results": null
}
